
Microsoft Visual Studio Solution File, Format Version 12.00
# Visual Studio Version 16
VisualStudioVersion = 16.0.32413.511
MinimumVisualStudioVersion = 10.0.40219.1
Project("{FAE04EC0-301F-11D3-BF4B-00C04F79EFBC}") = "Yemekci", "Yemekci\Yemekci.csproj", "{261696E0-167C-4C5A-A948-891EDBDA9A51}"
EndProject
Global
	GlobalSection(SolutionConfigurationPlatforms) = preSolution
		Debug|Any CPU = Debug|Any CPU
		Release|Any CPU = Release|Any CPU
	EndGlobalSection
	GlobalSection(ProjectConfigurationPlatforms) = postSolution
		{261696E0-167C-4C5A-A948-891EDBDA9A51}.Debug|Any CPU.ActiveCfg = Debug|Any CPU
		{261696E0-167C-4C5A-A948-891EDBDA9A51}.Debug|Any CPU.Build.0 = Debug|Any CPU
		{261696E0-167C-4C5A-A948-891EDBDA9A51}.Release|Any CPU.ActiveCfg = Release|Any CPU
		{261696E0-167C-4C5A-A948-891EDBDA9A51}.Release|Any CPU.Build.0 = Release|Any CPU
	EndGlobalSection
	GlobalSection(SolutionProperties) = preSolution
		HideSolutionNode = FALSE
	EndGlobalSection
	GlobalSection(ExtensibilityGlobals) = postSolution
		SolutionGuid = {E637E7DA-4F07-4A77-818C-5DC5D13759F9}
	EndGlobalSection
EndGlobal
